
Microsoft Visual Studio Solution File, Format Version 12.00
# Visual Studio Version 17
VisualStudioVersion = 17.9.34728.123
MinimumVisualStudioVersion = 10.0.40219.1
Project("{8BC9CEB8-8B4A-11D0-8D11-00A0C91BC942}") = "Legacy1", "Legacy1\Legacy1.vcxproj", "{20A366FB-BEDC-4101-BF63-6E5946944D5D}"
EndProject
Global
	GlobalSection(SolutionConfigurationPlatforms) = preSolution
		Debug|x64 = Debug|x64
		Debug|x86 = Debug|x86
		Release|x64 = Release|x64
		Release|x86 = Release|x86
	EndGlobalSection
	GlobalSection(ProjectConfigurationPlatforms) = postSolution
		{20A366FB-BEDC-4101-BF63-6E5946944D5D}.Debug|x64.ActiveCfg = Debug|x64
		{20A366FB-BEDC-4101-BF63-6E5946944D5D}.Debug|x64.Build.0 = Debug|x64
		{20A366FB-BEDC-4101-BF63-6E5946944D5D}.Debug|x86.ActiveCfg = Debug|Win32
		{20A366FB-BEDC-4101-BF63-6E5946944D5D}.Debug|x86.Build.0 = Debug|Win32
		{20A366FB-BEDC-4101-BF63-6E5946944D5D}.Release|x64.ActiveCfg = Release|x64
		{20A366FB-BEDC-4101-BF63-6E5946944D5D}.Release|x64.Build.0 = Release|x64
		{20A366FB-BEDC-4101-BF63-6E5946944D5D}.Release|x86.ActiveCfg = Release|Win32
		{20A366FB-BEDC-4101-BF63-6E5946944D5D}.Release|x86.Build.0 = Release|Win32
	EndGlobalSection
	GlobalSection(SolutionProperties) = preSolution
		HideSolutionNode = FALSE
	EndGlobalSection
	GlobalSection(ExtensibilityGlobals) = postSolution
		SolutionGuid = {88CADEFB-F6FE-44DA-A4FD-5A0CF41D23AC}
	EndGlobalSection
EndGlobal
